{
  "name": "metastocker-analytics",
  "version": "2.11.0",
  "lockfileVersion": 3,
  "requires": true,
  "packages": {
    "": {
      "name": "metastocker-analytics",
      "version": "2.11.0",
      "dependencies": {
        "@ip-location-db/geo-whois-asn-country-mmdb": "2.3.2026061719",
        "mmdb-lib": "3.0.2"
      },
      "engines": {
        "node": ">=24"
      }
    },
    "node_modules/@ip-location-db/geo-whois-asn-country-mmdb": {
      "version": "2.3.2026061719",
      "resolved": "https://registry.npmjs.org/@ip-location-db/geo-whois-asn-country-mmdb/-/geo-whois-asn-country-mmdb-2.3.2026061719.tgz",
      "integrity": "sha512-xemBDNQl4mCYDuVbqe3jKGKsVDykZGkfvebhtOh/3VGLadq8vsp7t7ontpMUt3hH7sAGT0eLDyJ99SV+0waxZg==",
      "license": "CC0-1.0"
    },
    "node_modules/mmdb-lib": {
      "version": "3.0.2",
      "resolved": "https://registry.npmjs.org/mmdb-lib/-/mmdb-lib-3.0.2.tgz",
      "integrity": "sha512-7e87vk0DdWT647wjcfEtWeMtjm+zVGqNohN/aeIymbUfjHQ2T4Sx5kM+1irVDBSloNC3CkGKxswdMoo8yhqTDg==",
      "license": "MIT",
      "engines": {
        "node": ">=10",
        "npm": ">=6"
      }
    }
  }
}
